
Microsoft Visual Studio Solution File, Format Version 12.00
# Visual Studio 14
VisualStudioVersion = 14.0.23107.0
MinimumVisualStudioVersion = 10.0.40219.1
Project("{FAE04EC0-301F-11D3-BF4B-00C04F79EFBC}") = "BRWalker", "BRWalker\BRWalker.csproj", "{710C828E-E984-4FD5-942C-38BD33F9346C}"
EndProject
Global
	GlobalSection(SolutionConfigurationPlatforms) = preSolution
		Debug|Any CPU = Debug|Any CPU
		Release|Any CPU = Release|Any CPU
	EndGlobalSection
	GlobalSection(ProjectConfigurationPlatforms) = postSolution
		{710C828E-E984-4FD5-942C-38BD33F9346C}.Debug|Any CPU.ActiveCfg = Debug|Any CPU
		{710C828E-E984-4FD5-942C-38BD33F9346C}.Debug|Any CPU.Build.0 = Debug|Any CPU
		{710C828E-E984-4FD5-942C-38BD33F9346C}.Release|Any CPU.ActiveCfg = Release|Any CPU
		{710C828E-E984-4FD5-942C-38BD33F9346C}.Release|Any CPU.Build.0 = Release|Any CPU
	EndGlobalSection
	GlobalSection(SolutionProperties) = preSolution
		HideSolutionNode = FALSE
	EndGlobalSection
EndGlobal
